
Microsoft Visual Studio Solution File, Format Version 12.00
# Visual Studio Version 17
VisualStudioVersion = 17.10.35013.160
MinimumVisualStudioVersion = 10.0.40219.1
Project("{9A19103F-16F7-4668-BE54-9A1E7A4F7556}") = "FeatureManagementPoc.Web", "FeatureManagementPoc.Web\FeatureManagementPoc.Web.csproj", "{7EE2CBE7-F483-4BF7-B5C2-04738B553DDD}"
EndProject
Global
	GlobalSection(SolutionConfigurationPlatforms) = preSolution
		Debug|Any CPU = Debug|Any CPU
		Release|Any CPU = Release|Any CPU
	EndGlobalSection
	GlobalSection(ProjectConfigurationPlatforms) = postSolution
		{7EE2CBE7-F483-4BF7-B5C2-04738B553DDD}.Debug|Any CPU.ActiveCfg = Debug|Any CPU
		{7EE2CBE7-F483-4BF7-B5C2-04738B553DDD}.Debug|Any CPU.Build.0 = Debug|Any CPU
		{7EE2CBE7-F483-4BF7-B5C2-04738B553DDD}.Release|Any CPU.ActiveCfg = Release|Any CPU
		{7EE2CBE7-F483-4BF7-B5C2-04738B553DDD}.Release|Any CPU.Build.0 = Release|Any CPU
	EndGlobalSection
	GlobalSection(SolutionProperties) = preSolution
		HideSolutionNode = FALSE
	EndGlobalSection
	GlobalSection(ExtensibilityGlobals) = postSolution
		SolutionGuid = {A5A72281-9FFF-4343-A673-DA9A78454A17}
	EndGlobalSection
EndGlobal
